PODS:
  - MDGroupAvatarView (2.0.0):
    - SDWebImage (~> 5.0)
  - SDWebImage (5.14.2):
    - SDWebImage/Core (= 5.14.2)
  - SDWebImage/Core (5.14.2)

DEPENDENCIES:
  - MDGroupAvatarView (from `..`)

SPEC REPOS:
  trunk:
    - SDWebImage

EXTERNAL SOURCES:
  MDGroupAvatarView:
    :path: ".."

SPEC CHECKSUMS:
  MDGroupAvatarView: 48ac6b46276ab40049c2e64f9835667fea039e4c
  SDWebImage: b9a731e1d6307f44ca703b3976d18c24ca561e84

PODFILE CHECKSUM: c266dc7868843505822cc40f025c03d3af649f61

COCOAPODS: 1.11.3
